<?xml version="1.0" encoding="utf-8"?>
<Project ToolsVersion="4.0" xmlns="http://schemas.microsoft.com/developer/msbuild/2003">
  <ItemGroup>
    <Filter Include="GE">
      <UniqueIdentifier>{B1735900-9DFF-870B-06AE-880BF258880B}</UniqueIdentifier>
    </Filter>
    <Filter Include="GE\Graphics">
      <UniqueIdentifier>{11F3EC19-7DA8-650F-069D-5FE672515C13}</UniqueIdentifier>
    </Filter>
  </ItemGroup>
  <ItemGroup>
    <ClInclude Include="GE\Graphics\RendererTest.h">
      <Filter>GE\Graphics</Filter>
    </ClInclude>
    <ClInclude Include="GE\WindowTest.h">
      <Filter>GE</Filter>
    </ClInclude>
    <ClInclude Include="App\SpriteTest.h" />
    <ClInclude Include="App\MouseStateTest.h" />
  </ItemGroup>
  <ItemGroup>
    <ClCompile Include="GE\Graphics\RendererTest.cpp">
      <Filter>GE\Graphics</Filter>
    </ClCompile>
    <ClCompile Include="GE\WindowTest.cpp">
      <Filter>GE</Filter>
    </ClCompile>
    <ClCompile Include="ObjectTest.cpp" />
    <ClCompile Include="App\SpriteTest.cpp" />
    <ClCompile Include="App\TextureMapTest.cpp" />
    <ClCompile Include="gepchTest.cpp" />
    <ClCompile Include="App\MouseStateTest.cpp" />
  </ItemGroup>
</Project>